
Microsoft Visual Studio Solution File, Format Version 12.00
# Visual Studio Version 17
VisualStudioVersion = 17.6.33617.297
MinimumVisualStudioVersion = 10.0.40219.1
Project("{FAE04EC0-301F-11D3-BF4B-00C04F79EFBC}") = "imger", "imger.csproj", "{DED7D67D-3038-4450-8D16-AD2E59C6BB83}"
EndProject
Project("{FAE04EC0-301F-11D3-BF4B-00C04F79EFBC}") = "imgerWeb", "..\imgerWeb\imgerWeb.csproj", "{A545999B-43D4-4AF1-B1F1-999BA5C21834}"
EndProject
Global
	GlobalSection(SolutionConfigurationPlatforms) = preSolution
		Debug|Any CPU = Debug|Any CPU
		Release|Any CPU = Release|Any CPU
	EndGlobalSection
	GlobalSection(ProjectConfigurationPlatforms) = postSolution
		{DED7D67D-3038-4450-8D16-AD2E59C6BB83}.Debug|Any CPU.ActiveCfg = Debug|Any CPU
		{DED7D67D-3038-4450-8D16-AD2E59C6BB83}.Debug|Any CPU.Build.0 = Debug|Any CPU
		{DED7D67D-3038-4450-8D16-AD2E59C6BB83}.Debug|Any CPU.Deploy.0 = Debug|Any CPU
		{DED7D67D-3038-4450-8D16-AD2E59C6BB83}.Release|Any CPU.ActiveCfg = Release|Any CPU
		{DED7D67D-3038-4450-8D16-AD2E59C6BB83}.Release|Any CPU.Build.0 = Release|Any CPU
		{DED7D67D-3038-4450-8D16-AD2E59C6BB83}.Release|Any CPU.Deploy.0 = Release|Any CPU
		{A545999B-43D4-4AF1-B1F1-999BA5C21834}.Debug|Any CPU.ActiveCfg = Debug|Any CPU
		{A545999B-43D4-4AF1-B1F1-999BA5C21834}.Debug|Any CPU.Build.0 = Debug|Any CPU
		{A545999B-43D4-4AF1-B1F1-999BA5C21834}.Release|Any CPU.ActiveCfg = Release|Any CPU
		{A545999B-43D4-4AF1-B1F1-999BA5C21834}.Release|Any CPU.Build.0 = Release|Any CPU
	EndGlobalSection
	GlobalSection(SolutionProperties) = preSolution
		HideSolutionNode = FALSE
	EndGlobalSection
	GlobalSection(ExtensibilityGlobals) = postSolution
		SolutionGuid = {1DBA73D0-B038-491B-AB72-5B194A8009C9}
	EndGlobalSection
EndGlobal
